
Microsoft Visual Studio Solution File, Format Version 12.00
# Visual Studio Version 17
VisualStudioVersion = 17.4.33213.308
MinimumVisualStudioVersion = 10.0.40219.1
Project("{8BC9CEB8-8B4A-11D0-8D11-00A0C91BC942}") = "RedRedStar", "RedRedStar\RedRedStar.vcxproj", "{20B501A5-D475-45BF-9F67-2EC981D48061}"
EndProject
Project("{2150E333-8FDC-42A3-9474-1A3956D46DE8}") = "Sample", "Sample", "{1B33FCF8-68A2-4DE2-8FC3-66EA75A525EC}"
EndProject
Project("{8BC9CEB8-8B4A-11D0-8D11-00A0C91BC942}") = "HelloWorld", "Sample\HelloWorld\HelloWorld.vcxproj", "{390C7DF5-67B4-432E-9DBF-B6922AFF7013}"
EndProject
Project("{2150E333-8FDC-42A3-9474-1A3956D46DE8}") = "解决方案项", "解决方案项", "{E8D7682B-2E70-4C52-8BC7-9A7CD6D015D1}"
	ProjectSection(SolutionItems) = preProject
		Change.md = Change.md
		ReadMe.md = ReadMe.md
	EndProjectSection
EndProject
Project("{2150E333-8FDC-42A3-9474-1A3956D46DE8}") = "Doc", "Doc", "{505F65D1-967F-41ED-80D9-28671E6AA2E1}"
EndProject
Project("{2150E333-8FDC-42A3-9474-1A3956D46DE8}") = "img", "img", "{A25F21C8-ED77-4B55-86A8-519511C03CDE}"
	ProjectSection(SolutionItems) = preProject
		Doc\img\helloWorld.png = Doc\img\helloWorld.png
	EndProjectSection
EndProject
Project("{2150E333-8FDC-42A3-9474-1A3956D46DE8}") = "Licence", "Licence", "{03067637-9D9B-46D6-B184-CB0A50D0B7DC}"
EndProject
Project("{8BC9CEB8-8B4A-11D0-8D11-00A0C91BC942}") = "Layout", "Sample\Layout\Layout.vcxproj", "{18A35C6C-71A0-462F-93B3-CC50A8D37DC1}"
EndProject
Global
	GlobalSection(SolutionConfigurationPlatforms) = preSolution
		Debug|x64 = Debug|x64
		Debug|x86 = Debug|x86
		Release|x64 = Release|x64
		Release|x86 = Release|x86
	EndGlobalSection
	GlobalSection(ProjectConfigurationPlatforms) = postSolution
		{20B501A5-D475-45BF-9F67-2EC981D48061}.Debug|x64.ActiveCfg = Debug|x64
		{20B501A5-D475-45BF-9F67-2EC981D48061}.Debug|x64.Build.0 = Debug|x64
		{20B501A5-D475-45BF-9F67-2EC981D48061}.Debug|x86.ActiveCfg = Debug|Win32
		{20B501A5-D475-45BF-9F67-2EC981D48061}.Debug|x86.Build.0 = Debug|Win32
		{20B501A5-D475-45BF-9F67-2EC981D48061}.Release|x64.ActiveCfg = Release|x64
		{20B501A5-D475-45BF-9F67-2EC981D48061}.Release|x64.Build.0 = Release|x64
		{20B501A5-D475-45BF-9F67-2EC981D48061}.Release|x86.ActiveCfg = Release|Win32
		{20B501A5-D475-45BF-9F67-2EC981D48061}.Release|x86.Build.0 = Release|Win32
		{390C7DF5-67B4-432E-9DBF-B6922AFF7013}.Debug|x64.ActiveCfg = Debug|x64
		{390C7DF5-67B4-432E-9DBF-B6922AFF7013}.Debug|x64.Build.0 = Debug|x64
		{390C7DF5-67B4-432E-9DBF-B6922AFF7013}.Debug|x86.ActiveCfg = Debug|Win32
		{390C7DF5-67B4-432E-9DBF-B6922AFF7013}.Debug|x86.Build.0 = Debug|Win32
		{390C7DF5-67B4-432E-9DBF-B6922AFF7013}.Release|x64.ActiveCfg = Release|x64
		{390C7DF5-67B4-432E-9DBF-B6922AFF7013}.Release|x64.Build.0 = Release|x64
		{390C7DF5-67B4-432E-9DBF-B6922AFF7013}.Release|x86.ActiveCfg = Release|Win32
		{390C7DF5-67B4-432E-9DBF-B6922AFF7013}.Release|x86.Build.0 = Release|Win32
		{18A35C6C-71A0-462F-93B3-CC50A8D37DC1}.Debug|x64.ActiveCfg = Debug|x64
		{18A35C6C-71A0-462F-93B3-CC50A8D37DC1}.Debug|x64.Build.0 = Debug|x64
		{18A35C6C-71A0-462F-93B3-CC50A8D37DC1}.Debug|x86.ActiveCfg = Debug|Win32
		{18A35C6C-71A0-462F-93B3-CC50A8D37DC1}.Debug|x86.Build.0 = Debug|Win32
		{18A35C6C-71A0-462F-93B3-CC50A8D37DC1}.Release|x64.ActiveCfg = Release|x64
		{18A35C6C-71A0-462F-93B3-CC50A8D37DC1}.Release|x64.Build.0 = Release|x64
		{18A35C6C-71A0-462F-93B3-CC50A8D37DC1}.Release|x86.ActiveCfg = Release|Win32
		{18A35C6C-71A0-462F-93B3-CC50A8D37DC1}.Release|x86.Build.0 = Release|Win32
	EndGlobalSection
	GlobalSection(SolutionProperties) = preSolution
		HideSolutionNode = FALSE
	EndGlobalSection
	GlobalSection(NestedProjects) = preSolution
		{390C7DF5-67B4-432E-9DBF-B6922AFF7013} = {1B33FCF8-68A2-4DE2-8FC3-66EA75A525EC}
		{505F65D1-967F-41ED-80D9-28671E6AA2E1} = {E8D7682B-2E70-4C52-8BC7-9A7CD6D015D1}
		{A25F21C8-ED77-4B55-86A8-519511C03CDE} = {505F65D1-967F-41ED-80D9-28671E6AA2E1}
		{03067637-9D9B-46D6-B184-CB0A50D0B7DC} = {505F65D1-967F-41ED-80D9-28671E6AA2E1}
		{18A35C6C-71A0-462F-93B3-CC50A8D37DC1} = {1B33FCF8-68A2-4DE2-8FC3-66EA75A525EC}
	EndGlobalSection
	GlobalSection(ExtensibilityGlobals) = postSolution
		SolutionGuid = {0D995C14-0C2D-4597-91B4-B348726163E6}
	EndGlobalSection
EndGlobal
